
Microsoft Visual Studio Solution File, Format Version 12.00
# Visual Studio Version 16
VisualStudioVersion = 16.0.30309.148
MinimumVisualStudioVersion = 10.0.40219.1
Project("{FAE04EC0-301F-11D3-BF4B-00C04F79EFBC}") = "CodePlusXaml.UWP", "CodePlusXaml\CodePlusXaml.UWP\CodePlusXaml.UWP.csproj", "{17D7774C-A6FC-4FBF-B682-51DF6E013D96}"
EndProject
Project("{FAE04EC0-301F-11D3-BF4B-00C04F79EFBC}") = "CodePlusXaml.Android", "CodePlusXaml\CodePlusXaml.Android\CodePlusXaml.Android.csproj", "{94111965-5B1A-400A-95AE-A3481C6AC2E0}"
EndProject
Project("{FAE04EC0-301F-11D3-BF4B-00C04F79EFBC}") = "CodePlusXaml.iOS", "CodePlusXaml\CodePlusXaml.iOS\CodePlusXaml.iOS.csproj", "{C3126EBE-97E3-4A7B-AE19-541AEB0ED9EB}"
EndProject
Project("{FAE04EC0-301F-11D3-BF4B-00C04F79EFBC}") = "CodePlusXaml", "CodePlusXaml\CodePlusXaml\CodePlusXaml.csproj", "{9C1F179D-EA14-471B-BDFD-F38E802C83A7}"
EndProject
Global
	GlobalSection(SolutionConfigurationPlatforms) = preSolution
		Debug|Any CPU = Debug|Any CPU
		Debug|ARM = Debug|ARM
		Debug|iPhone = Debug|iPhone
		Debug|iPhoneSimulator = Debug|iPhoneSimulator
		Debug|x64 = Debug|x64
		Debug|x86 = Debug|x86
		Release|Any CPU = Release|Any CPU
		Release|ARM = Release|ARM
		Release|iPhone = Release|iPhone
		Release|iPhoneSimulator = Release|iPhoneSimulator
		Release|x64 = Release|x64
		Release|x86 = Release|x86
	EndGlobalSection
	GlobalSection(ProjectConfigurationPlatforms) = postSolution
		{17D7774C-A6FC-4FBF-B682-51DF6E013D96}.Debug|Any CPU.ActiveCfg = Debug|x86
		{17D7774C-A6FC-4FBF-B682-51DF6E013D96}.Debug|Any CPU.Build.0 = Debug|x86
		{17D7774C-A6FC-4FBF-B682-51DF6E013D96}.Debug|Any CPU.Deploy.0 = Debug|x86
		{17D7774C-A6FC-4FBF-B682-51DF6E013D96}.Debug|ARM.ActiveCfg = Debug|ARM
		{17D7774C-A6FC-4FBF-B682-51DF6E013D96}.Debug|ARM.Build.0 = Debug|ARM
		{17D7774C-A6FC-4FBF-B682-51DF6E013D96}.Debug|ARM.Deploy.0 = Debug|ARM
		{17D7774C-A6FC-4FBF-B682-51DF6E013D96}.Debug|iPhone.ActiveCfg = Debug|x86
		{17D7774C-A6FC-4FBF-B682-51DF6E013D96}.Debug|iPhone.Build.0 = Debug|x86
		{17D7774C-A6FC-4FBF-B682-51DF6E013D96}.Debug|iPhone.Deploy.0 = Debug|x86
		{17D7774C-A6FC-4FBF-B682-51DF6E013D96}.Debug|iPhoneSimulator.ActiveCfg = Debug|x86
		{17D7774C-A6FC-4FBF-B682-51DF6E013D96}.Debug|iPhoneSimulator.Build.0 = Debug|x86
		{17D7774C-A6FC-4FBF-B682-51DF6E013D96}.Debug|iPhoneSimulator.Deploy.0 = Debug|x86
		{17D7774C-A6FC-4FBF-B682-51DF6E013D96}.Debug|x64.ActiveCfg = Debug|x64
		{17D7774C-A6FC-4FBF-B682-51DF6E013D96}.Debug|x64.Build.0 = Debug|x64
		{17D7774C-A6FC-4FBF-B682-51DF6E013D96}.Debug|x64.Deploy.0 = Debug|x64
		{17D7774C-A6FC-4FBF-B682-51DF6E013D96}.Debug|x86.ActiveCfg = Debug|x86
		{17D7774C-A6FC-4FBF-B682-51DF6E013D96}.Debug|x86.Build.0 = Debug|x86
		{17D7774C-A6FC-4FBF-B682-51DF6E013D96}.Debug|x86.Deploy.0 = Debug|x86
		{17D7774C-A6FC-4FBF-B682-51DF6E013D96}.Release|Any CPU.ActiveCfg = Release|x86
		{17D7774C-A6FC-4FBF-B682-51DF6E013D96}.Release|Any CPU.Build.0 = Release|x86
		{17D7774C-A6FC-4FBF-B682-51DF6E013D96}.Release|Any CPU.Deploy.0 = Release|x86
		{17D7774C-A6FC-4FBF-B682-51DF6E013D96}.Release|ARM.ActiveCfg = Release|ARM
		{17D7774C-A6FC-4FBF-B682-51DF6E013D96}.Release|ARM.Build.0 = Release|ARM
		{17D7774C-A6FC-4FBF-B682-51DF6E013D96}.Release|ARM.Deploy.0 = Release|ARM
		{17D7774C-A6FC-4FBF-B682-51DF6E013D96}.Release|iPhone.ActiveCfg = Release|x86
		{17D7774C-A6FC-4FBF-B682-51DF6E013D96}.Release|iPhone.Build.0 = Release|x86
		{17D7774C-A6FC-4FBF-B682-51DF6E013D96}.Release|iPhone.Deploy.0 = Release|x86
		{17D7774C-A6FC-4FBF-B682-51DF6E013D96}.Release|iPhoneSimulator.ActiveCfg = Release|x86
		{17D7774C-A6FC-4FBF-B682-51DF6E013D96}.Release|iPhoneSimulator.Build.0 = Release|x86
		{17D7774C-A6FC-4FBF-B682-51DF6E013D96}.Release|iPhoneSimulator.Deploy.0 = Release|x86
		{17D7774C-A6FC-4FBF-B682-51DF6E013D96}.Release|x64.ActiveCfg = Release|x64
		{17D7774C-A6FC-4FBF-B682-51DF6E013D96}.Release|x64.Build.0 = Release|x64
		{17D7774C-A6FC-4FBF-B682-51DF6E013D96}.Release|x64.Deploy.0 = Release|x64
		{17D7774C-A6FC-4FBF-B682-51DF6E013D96}.Release|x86.ActiveCfg = Release|x86
		{17D7774C-A6FC-4FBF-B682-51DF6E013D96}.Release|x86.Build.0 = Release|x86
		{17D7774C-A6FC-4FBF-B682-51DF6E013D96}.Release|x86.Deploy.0 = Release|x86
		{94111965-5B1A-400A-95AE-A3481C6AC2E0}.Debug|Any CPU.ActiveCfg = Debug|Any CPU
		{94111965-5B1A-400A-95AE-A3481C6AC2E0}.Debug|Any CPU.Build.0 = Debug|Any CPU
		{94111965-5B1A-400A-95AE-A3481C6AC2E0}.Debug|Any CPU.Deploy.0 = Debug|Any CPU
		{94111965-5B1A-400A-95AE-A3481C6AC2E0}.Debug|ARM.ActiveCfg = Debug|Any CPU
		{94111965-5B1A-400A-95AE-A3481C6AC2E0}.Debug|ARM.Build.0 = Debug|Any CPU
		{94111965-5B1A-400A-95AE-A3481C6AC2E0}.Debug|ARM.Deploy.0 = Debug|Any CPU
		{94111965-5B1A-400A-95AE-A3481C6AC2E0}.Debug|iPhone.ActiveCfg = Debug|Any CPU
		{94111965-5B1A-400A-95AE-A3481C6AC2E0}.Debug|iPhone.Build.0 = Debug|Any CPU
		{94111965-5B1A-400A-95AE-A3481C6AC2E0}.Debug|iPhone.Deploy.0 = Debug|Any CPU
		{94111965-5B1A-400A-95AE-A3481C6AC2E0}.Debug|iPhoneSimulator.ActiveCfg = Debug|Any CPU
		{94111965-5B1A-400A-95AE-A3481C6AC2E0}.Debug|iPhoneSimulator.Build.0 = Debug|Any CPU
		{94111965-5B1A-400A-95AE-A3481C6AC2E0}.Debug|iPhoneSimulator.Deploy.0 = Debug|Any CPU
		{94111965-5B1A-400A-95AE-A3481C6AC2E0}.Debug|x64.ActiveCfg = Debug|Any CPU
		{94111965-5B1A-400A-95AE-A3481C6AC2E0}.Debug|x64.Build.0 = Debug|Any CPU
		{94111965-5B1A-400A-95AE-A3481C6AC2E0}.Debug|x64.Deploy.0 = Debug|Any CPU
		{94111965-5B1A-400A-95AE-A3481C6AC2E0}.Debug|x86.ActiveCfg = Debug|Any CPU
		{94111965-5B1A-400A-95AE-A3481C6AC2E0}.Debug|x86.Build.0 = Debug|Any CPU
		{94111965-5B1A-400A-95AE-A3481C6AC2E0}.Debug|x86.Deploy.0 = Debug|Any CPU
		{94111965-5B1A-400A-95AE-A3481C6AC2E0}.Release|Any CPU.ActiveCfg = Release|Any CPU
		{94111965-5B1A-400A-95AE-A3481C6AC2E0}.Release|Any CPU.Build.0 = Release|Any CPU
		{94111965-5B1A-400A-95AE-A3481C6AC2E0}.Release|Any CPU.Deploy.0 = Release|Any CPU
		{94111965-5B1A-400A-95AE-A3481C6AC2E0}.Release|ARM.ActiveCfg = Release|Any CPU
		{94111965-5B1A-400A-95AE-A3481C6AC2E0}.Release|ARM.Build.0 = Release|Any CPU
		{94111965-5B1A-400A-95AE-A3481C6AC2E0}.Release|ARM.Deploy.0 = Release|Any CPU
		{94111965-5B1A-400A-95AE-A3481C6AC2E0}.Release|iPhone.ActiveCfg = Release|Any CPU
		{94111965-5B1A-400A-95AE-A3481C6AC2E0}.Release|iPhone.Build.0 = Release|Any CPU
		{94111965-5B1A-400A-95AE-A3481C6AC2E0}.Release|iPhone.Deploy.0 = Release|Any CPU
		{94111965-5B1A-400A-95AE-A3481C6AC2E0}.Release|iPhoneSimulator.ActiveCfg = Release|Any CPU
		{94111965-5B1A-400A-95AE-A3481C6AC2E0}.Release|iPhoneSimulator.Build.0 = Release|Any CPU
		{94111965-5B1A-400A-95AE-A3481C6AC2E0}.Release|iPhoneSimulator.Deploy.0 = Release|Any CPU
		{94111965-5B1A-400A-95AE-A3481C6AC2E0}.Release|x64.ActiveCfg = Release|Any CPU
		{94111965-5B1A-400A-95AE-A3481C6AC2E0}.Release|x64.Build.0 = Release|Any CPU
		{94111965-5B1A-400A-95AE-A3481C6AC2E0}.Release|x64.Deploy.0 = Release|Any CPU
		{94111965-5B1A-400A-95AE-A3481C6AC2E0}.Release|x86.ActiveCfg = Release|Any CPU
		{94111965-5B1A-400A-95AE-A3481C6AC2E0}.Release|x86.Build.0 = Release|Any CPU
		{94111965-5B1A-400A-95AE-A3481C6AC2E0}.Release|x86.Deploy.0 = Release|Any CPU
		{C3126EBE-97E3-4A7B-AE19-541AEB0ED9EB}.Debug|Any CPU.ActiveCfg = Debug|iPhone
		{C3126EBE-97E3-4A7B-AE19-541AEB0ED9EB}.Debug|Any CPU.Build.0 = Debug|iPhone
		{C3126EBE-97E3-4A7B-AE19-541AEB0ED9EB}.Debug|Any CPU.Deploy.0 = Debug|iPhone
		{C3126EBE-97E3-4A7B-AE19-541AEB0ED9EB}.Debug|ARM.ActiveCfg = Debug|iPhone
		{C3126EBE-97E3-4A7B-AE19-541AEB0ED9EB}.Debug|ARM.Build.0 = Debug|iPhone
		{C3126EBE-97E3-4A7B-AE19-541AEB0ED9EB}.Debug|ARM.Deploy.0 = Debug|iPhone
		{C3126EBE-97E3-4A7B-AE19-541AEB0ED9EB}.Debug|iPhone.ActiveCfg = Debug|iPhone
		{C3126EBE-97E3-4A7B-AE19-541AEB0ED9EB}.Debug|iPhone.Build.0 = Debug|iPhone
		{C3126EBE-97E3-4A7B-AE19-541AEB0ED9EB}.Debug|iPhone.Deploy.0 = Debug|iPhone
		{C3126EBE-97E3-4A7B-AE19-541AEB0ED9EB}.Debug|iPhoneSimulator.ActiveCfg = Debug|iPhoneSimulator
		{C3126EBE-97E3-4A7B-AE19-541AEB0ED9EB}.Debug|iPhoneSimulator.Build.0 = Debug|iPhoneSimulator
		{C3126EBE-97E3-4A7B-AE19-541AEB0ED9EB}.Debug|iPhoneSimulator.Deploy.0 = Debug|iPhoneSimulator
		{C3126EBE-97E3-4A7B-AE19-541AEB0ED9EB}.Debug|x64.ActiveCfg = Debug|iPhone
		{C3126EBE-97E3-4A7B-AE19-541AEB0ED9EB}.Debug|x64.Build.0 = Debug|iPhone
		{C3126EBE-97E3-4A7B-AE19-541AEB0ED9EB}.Debug|x64.Deploy.0 = Debug|iPhone
		{C3126EBE-97E3-4A7B-AE19-541AEB0ED9EB}.Debug|x86.ActiveCfg = Debug|iPhone
		{C3126EBE-97E3-4A7B-AE19-541AEB0ED9EB}.Debug|x86.Build.0 = Debug|iPhone
		{C3126EBE-97E3-4A7B-AE19-541AEB0ED9EB}.Debug|x86.Deploy.0 = Debug|iPhone
		{C3126EBE-97E3-4A7B-AE19-541AEB0ED9EB}.Release|Any CPU.ActiveCfg = Release|iPhone
		{C3126EBE-97E3-4A7B-AE19-541AEB0ED9EB}.Release|Any CPU.Build.0 = Release|iPhone
		{C3126EBE-97E3-4A7B-AE19-541AEB0ED9EB}.Release|Any CPU.Deploy.0 = Release|iPhone
		{C3126EBE-97E3-4A7B-AE19-541AEB0ED9EB}.Release|ARM.ActiveCfg = Release|iPhone
		{C3126EBE-97E3-4A7B-AE19-541AEB0ED9EB}.Release|ARM.Build.0 = Release|iPhone
		{C3126EBE-97E3-4A7B-AE19-541AEB0ED9EB}.Release|ARM.Deploy.0 = Release|iPhone
		{C3126EBE-97E3-4A7B-AE19-541AEB0ED9EB}.Release|iPhone.ActiveCfg = Release|iPhone
		{C3126EBE-97E3-4A7B-AE19-541AEB0ED9EB}.Release|iPhone.Build.0 = Release|iPhone
		{C3126EBE-97E3-4A7B-AE19-541AEB0ED9EB}.Release|iPhone.Deploy.0 = Release|iPhone
		{C3126EBE-97E3-4A7B-AE19-541AEB0ED9EB}.Release|iPhoneSimulator.ActiveCfg = Release|iPhoneSimulator
		{C3126EBE-97E3-4A7B-AE19-541AEB0ED9EB}.Release|iPhoneSimulator.Build.0 = Release|iPhoneSimulator
		{C3126EBE-97E3-4A7B-AE19-541AEB0ED9EB}.Release|iPhoneSimulator.Deploy.0 = Release|iPhoneSimulator
		{C3126EBE-97E3-4A7B-AE19-541AEB0ED9EB}.Release|x64.ActiveCfg = Release|iPhone
		{C3126EBE-97E3-4A7B-AE19-541AEB0ED9EB}.Release|x64.Build.0 = Release|iPhone
		{C3126EBE-97E3-4A7B-AE19-541AEB0ED9EB}.Release|x64.Deploy.0 = Release|iPhone
		{C3126EBE-97E3-4A7B-AE19-541AEB0ED9EB}.Release|x86.ActiveCfg = Release|iPhone
		{C3126EBE-97E3-4A7B-AE19-541AEB0ED9EB}.Release|x86.Build.0 = Release|iPhone
		{C3126EBE-97E3-4A7B-AE19-541AEB0ED9EB}.Release|x86.Deploy.0 = Release|iPhone
		{9C1F179D-EA14-471B-BDFD-F38E802C83A7}.Debug|Any CPU.ActiveCfg = Debug|Any CPU
		{9C1F179D-EA14-471B-BDFD-F38E802C83A7}.Debug|Any CPU.Build.0 = Debug|Any CPU
		{9C1F179D-EA14-471B-BDFD-F38E802C83A7}.Debug|Any CPU.Deploy.0 = Debug|Any CPU
		{9C1F179D-EA14-471B-BDFD-F38E802C83A7}.Debug|ARM.ActiveCfg = Debug|Any CPU
		{9C1F179D-EA14-471B-BDFD-F38E802C83A7}.Debug|ARM.Build.0 = Debug|Any CPU
		{9C1F179D-EA14-471B-BDFD-F38E802C83A7}.Debug|ARM.Deploy.0 = Debug|Any CPU
		{9C1F179D-EA14-471B-BDFD-F38E802C83A7}.Debug|iPhone.ActiveCfg = Debug|Any CPU
		{9C1F179D-EA14-471B-BDFD-F38E802C83A7}.Debug|iPhone.Build.0 = Debug|Any CPU
		{9C1F179D-EA14-471B-BDFD-F38E802C83A7}.Debug|iPhone.Deploy.0 = Debug|Any CPU
		{9C1F179D-EA14-471B-BDFD-F38E802C83A7}.Debug|iPhoneSimulator.ActiveCfg = Debug|Any CPU
		{9C1F179D-EA14-471B-BDFD-F38E802C83A7}.Debug|iPhoneSimulator.Build.0 = Debug|Any CPU
		{9C1F179D-EA14-471B-BDFD-F38E802C83A7}.Debug|iPhoneSimulator.Deploy.0 = Debug|Any CPU
		{9C1F179D-EA14-471B-BDFD-F38E802C83A7}.Debug|x64.ActiveCfg = Debug|Any CPU
		{9C1F179D-EA14-471B-BDFD-F38E802C83A7}.Debug|x64.Build.0 = Debug|Any CPU
		{9C1F179D-EA14-471B-BDFD-F38E802C83A7}.Debug|x64.Deploy.0 = Debug|Any CPU
		{9C1F179D-EA14-471B-BDFD-F38E802C83A7}.Debug|x86.ActiveCfg = Debug|Any CPU
		{9C1F179D-EA14-471B-BDFD-F38E802C83A7}.Debug|x86.Build.0 = Debug|Any CPU
		{9C1F179D-EA14-471B-BDFD-F38E802C83A7}.Debug|x86.Deploy.0 = Debug|Any CPU
		{9C1F179D-EA14-471B-BDFD-F38E802C83A7}.Release|Any CPU.ActiveCfg = Release|Any CPU
		{9C1F179D-EA14-471B-BDFD-F38E802C83A7}.Release|Any CPU.Build.0 = Release|Any CPU
		{9C1F179D-EA14-471B-BDFD-F38E802C83A7}.Release|Any CPU.Deploy.0 = Release|Any CPU
		{9C1F179D-EA14-471B-BDFD-F38E802C83A7}.Release|ARM.ActiveCfg = Release|Any CPU
		{9C1F179D-EA14-471B-BDFD-F38E802C83A7}.Release|ARM.Build.0 = Release|Any CPU
		{9C1F179D-EA14-471B-BDFD-F38E802C83A7}.Release|ARM.Deploy.0 = Release|Any CPU
		{9C1F179D-EA14-471B-BDFD-F38E802C83A7}.Release|iPhone.ActiveCfg = Release|Any CPU
		{9C1F179D-EA14-471B-BDFD-F38E802C83A7}.Release|iPhone.Build.0 = Release|Any CPU
		{9C1F179D-EA14-471B-BDFD-F38E802C83A7}.Release|iPhone.Deploy.0 = Release|Any CPU
		{9C1F179D-EA14-471B-BDFD-F38E802C83A7}.Release|iPhoneSimulator.ActiveCfg = Release|Any CPU
		{9C1F179D-EA14-471B-BDFD-F38E802C83A7}.Release|iPhoneSimulator.Build.0 = Release|Any CPU
		{9C1F179D-EA14-471B-BDFD-F38E802C83A7}.Release|iPhoneSimulator.Deploy.0 = Release|Any CPU
		{9C1F179D-EA14-471B-BDFD-F38E802C83A7}.Release|x64.ActiveCfg = Release|Any CPU
		{9C1F179D-EA14-471B-BDFD-F38E802C83A7}.Release|x64.Build.0 = Release|Any CPU
		{9C1F179D-EA14-471B-BDFD-F38E802C83A7}.Release|x64.Deploy.0 = Release|Any CPU
		{9C1F179D-EA14-471B-BDFD-F38E802C83A7}.Release|x86.ActiveCfg = Release|Any CPU
		{9C1F179D-EA14-471B-BDFD-F38E802C83A7}.Release|x86.Build.0 = Release|Any CPU
		{9C1F179D-EA14-471B-BDFD-F38E802C83A7}.Release|x86.Deploy.0 = Release|Any CPU
	EndGlobalSection
	GlobalSection(SolutionProperties) = preSolution
		HideSolutionNode = FALSE
	EndGlobalSection
	GlobalSection(ExtensibilityGlobals) = postSolution
		SolutionGuid = {FA924686-A537-47ED-AFEF-703377A96C9B}
	EndGlobalSection
EndGlobal
